
Microsoft Visual Studio Solution File, Format Version 12.00
# Visual Studio Version 17
VisualStudioVersion = 17.8.34525.116
MinimumVisualStudioVersion = 10.0.40219.1
Project("{FAE04EC0-301F-11D3-BF4B-00C04F79EFBC}") = "HW5ConsoleApp", "HW5ConsoleApp.csproj", "{C1435992-61F1-4981-ACD9-FE895BB1426E}"
EndProject
Global
	GlobalSection(SolutionConfigurationPlatforms) = preSolution
		Debug|Any CPU = Debug|Any CPU
		Release|Any CPU = Release|Any CPU
	EndGlobalSection
	GlobalSection(ProjectConfigurationPlatforms) = postSolution
		{C1435992-61F1-4981-ACD9-FE895BB1426E}.Debug|Any CPU.ActiveCfg = Debug|Any CPU
		{C1435992-61F1-4981-ACD9-FE895BB1426E}.Debug|Any CPU.Build.0 = Debug|Any CPU
		{C1435992-61F1-4981-ACD9-FE895BB1426E}.Release|Any CPU.ActiveCfg = Release|Any CPU
		{C1435992-61F1-4981-ACD9-FE895BB1426E}.Release|Any CPU.Build.0 = Release|Any CPU
	EndGlobalSection
	GlobalSection(SolutionProperties) = preSolution
		HideSolutionNode = FALSE
	EndGlobalSection
	GlobalSection(ExtensibilityGlobals) = postSolution
		SolutionGuid = {982462C8-1040-4823-8C81-BCA3D6EDC411}
	EndGlobalSection
EndGlobal
